
Microsoft Visual Studio Solution File, Format Version 12.00
# Visual Studio Version 16
VisualStudioVersion = 16.0.29509.3
MinimumVisualStudioVersion = 10.0.40219.1
Project("{9A19103F-16F7-4668-BE54-9A1E7A4F7556}") = "Loss Prevention", "Loss Prevention.csproj", "{500CF642-891D-445F-A560-884B4E675385}"
EndProject
Global
	GlobalSection(SolutionConfigurationPlatforms) = preSolution
		Debug|Any CPU = Debug|Any CPU
		Release|Any CPU = Release|Any CPU
	EndGlobalSection
	GlobalSection(ProjectConfigurationPlatforms) = postSolution
		{500CF642-891D-445F-A560-884B4E675385}.Debug|Any CPU.ActiveCfg = Debug|Any CPU
		{500CF642-891D-445F-A560-884B4E675385}.Debug|Any CPU.Build.0 = Debug|Any CPU
		{500CF642-891D-445F-A560-884B4E675385}.Release|Any CPU.ActiveCfg = Release|Any CPU
		{500CF642-891D-445F-A560-884B4E675385}.Release|Any CPU.Build.0 = Release|Any CPU
	EndGlobalSection
	GlobalSection(SolutionProperties) = preSolution
		HideSolutionNode = FALSE
	EndGlobalSection
	GlobalSection(ExtensibilityGlobals) = postSolution
		SolutionGuid = {D9F9B612-B79E-47CA-8CB1-DBF026CA0FFD}
	EndGlobalSection
EndGlobal
